{
  "nodes": {
    "batprotocol": {
      "inputs": {
        "flake-utils": [
          "flake-utils"
        ],
        "nixpkgs": [
          "nixpkgs"
        ],
        "nur-kapack": [
          "nur-kapack"
        ]
      },
      "locked": {
        "lastModified": 1707316999,
        "narHash": "sha256-+jGORWq0Vx9JKFfkMU2u5ZhnSD4Nc7eRDu9kBgZgJto=",
        "ref": "refs/heads/master",
        "rev": "25bc5bbf039c18a8024c4ab326047ba56800376a",
        "revCount": 153,
        "type": "git",
        "url": "https://framagit.org/batsim/batprotocol"
      },
      "original": {
        "type": "git",
        "url": "https://framagit.org/batsim/batprotocol"
      }
    },
    "flake-utils": {
      "inputs": {
        "systems": "systems"
      },
      "locked": {
        "lastModified": 1705309234,
        "narHash": "sha256-uNRRNRKmJyCRC/8y1RqBkqWBLM034y4qN7EprSdmgyA=",
        "owner": "numtide",
        "repo": "flake-utils",
        "rev": "1ef2e671c3b0c19053962c07dbda38332dcebf26",
        "type": "github"
      },
      "original": {
        "owner": "numtide",
        "repo": "flake-utils",
        "type": "github"
      }
    },
    "intervalset": {
      "inputs": {
        "flake-utils": [
          "flake-utils"
        ],
        "nixpkgs": [
          "nixpkgs"
        ],
        "nur-kapack": [
          "nur-kapack"
        ]
      },
      "locked": {
        "lastModified": 1707321891,
        "narHash": "sha256-eEH9zxYphfl/0PPX39ChMpguF/yuR4z4ZLOlWPwkoHA=",
        "ref": "refs/heads/main",
        "rev": "13d8f2d7000d4dc4e3202422658b0b5d83f83679",
        "revCount": 84,
        "type": "git",
        "url": "https://framagit.org/batsim/intervalset"
      },
      "original": {
        "type": "git",
        "url": "https://framagit.org/batsim/intervalset"
      }
    },
    "nixpkgs": {
      "locked": {
        "lastModified": 1701282334,
        "narHash": "sha256-MxCVrXY6v4QmfTwIysjjaX0XUhqBbxTWWB4HXtDYsdk=",
        "owner": "nixos",
        "repo": "nixpkgs",
        "rev": "057f9aecfb71c4437d2b27d3323df7f93c010b7e",
        "type": "github"
      },
      "original": {
        "owner": "nixos",
        "ref": "23.11",
        "repo": "nixpkgs",
        "type": "github"
      }
    },
    "nixpkgs-pytest": {
      "locked": {
        "lastModified": 1669833724,
        "narHash": "sha256-/HEZNyGbnQecrgJnfE8d0WC5c1xuPSD2LUpB6YXlg4c=",
        "owner": "nixos",
        "repo": "nixpkgs",
        "rev": "4d2b37a84fad1091b9de401eb450aae66f1a741e",
        "type": "github"
      },
      "original": {
        "owner": "nixos",
        "ref": "22.11",
        "repo": "nixpkgs",
        "type": "github"
      }
    },
    "nur-kapack": {
      "inputs": {
        "flake-utils": [
          "flake-utils"
        ],
        "nixpkgs": [
          "nixpkgs"
        ]
      },
      "locked": {
        "lastModified": 1708526787,
        "narHash": "sha256-TnT9TcYXeWHckQyzGU3KhNfhXqhY2T1wvbYb2MDwTFU=",
        "owner": "oar-team",
        "repo": "nur-kapack",
        "rev": "4d8ca88fd8a0a2287ee5c023877f14d53d4854c1",
        "type": "github"
      },
      "original": {
        "owner": "oar-team",
        "ref": "master",
        "repo": "nur-kapack",
        "type": "github"
      }
    },
    "root": {
      "inputs": {
        "batprotocol": "batprotocol",
        "flake-utils": "flake-utils",
        "intervalset": "intervalset",
        "nixpkgs": "nixpkgs",
        "nixpkgs-pytest": "nixpkgs-pytest",
        "nur-kapack": "nur-kapack"
      }
    },
    "systems": {
      "locked": {
        "lastModified": 1681028828,
        "narHash": "sha256-Vy1rq5AaRuLzOxct8nz4T6wlgyUR7zLU309k9mBC768=",
        "owner": "nix-systems",
        "repo": "default",
        "rev": "da67096a3b9bf56a91d16901293e51ba5b49a27e",
        "type": "github"
      },
      "original": {
        "owner": "nix-systems",
        "repo": "default",
        "type": "github"
      }
    }
  },
  "root": "root",
  "version": 7
}
