{
  "nodes": {
    "batprotocol": {
      "inputs": {
        "flake-utils": [
          "flake-utils"
        ],
        "nixpkgs": [
          "nixpkgs"
        ],
        "nur-kapack": [
          "nur-kapack"
        ]
      },
      "locked": {
        "lastModified": 1743332224,
        "narHash": "sha256-MjR/xKshqsTeiN3/qwE2UljcoG2rayiliI0Y7b5Tf5w=",
        "ref": "refs/heads/main",
        "rev": "521678807f24b871952b1d62729a62ee75c7ed4d",
        "revCount": 175,
        "type": "git",
        "url": "https://framagit.org/batsim/batprotocol"
      },
      "original": {
        "type": "git",
        "url": "https://framagit.org/batsim/batprotocol"
      }
    },
    "flake-utils": {
      "inputs": {
        "systems": "systems"
      },
      "locked": {
        "lastModified": 1731533236,
        "narHash": "sha256-l0KFg5HjrsfsO/JpG+r7fRrqm12kzFHyUHqHCVpMMbI=",
        "owner": "numtide",
        "repo": "flake-utils",
        "rev": "11707dc2f618dd54ca8739b309ec4fc024de578b",
        "type": "github"
      },
      "original": {
        "owner": "numtide",
        "repo": "flake-utils",
        "type": "github"
      }
    },
    "intervalset": {
      "inputs": {
        "flake-utils": [
          "flake-utils"
        ],
        "nixpkgs": [
          "nixpkgs"
        ],
        "nur-kapack": [
          "nur-kapack"
        ]
      },
      "locked": {
        "lastModified": 1736945570,
        "narHash": "sha256-EUzxaiecWZhABDVRDjETK1u/PXeOsC2DSvCme3xT9xA=",
        "ref": "refs/heads/main",
        "rev": "dba94acc842348cad53aa5a566d73927606216a9",
        "revCount": 86,
        "type": "git",
        "url": "https://framagit.org/batsim/intervalset"
      },
      "original": {
        "type": "git",
        "url": "https://framagit.org/batsim/intervalset"
      }
    },
    "nixpkgs": {
      "locked": {
        "lastModified": 1731603435,
        "narHash": "sha256-CqCX4JG7UiHvkrBTpYC3wcEurvbtTADLbo3Ns2CEoL8=",
        "owner": "nixos",
        "repo": "nixpkgs",
        "rev": "8b27c1239e5c421a2bbc2c65d52e4a6fbf2ff296",
        "type": "github"
      },
      "original": {
        "owner": "nixos",
        "ref": "branch-off-24.11",
        "repo": "nixpkgs",
        "type": "github"
      }
    },
    "nur-kapack": {
      "inputs": {
        "flake-utils": [
          "flake-utils"
        ],
        "nixpkgs": [
          "nixpkgs"
        ]
      },
      "locked": {
        "lastModified": 1743848143,
        "narHash": "sha256-UzCzEsdwz0uqNLgWcamDmGayywy86/vpkKyULP47GC4=",
        "owner": "oar-team",
        "repo": "nur-kapack",
        "rev": "6c677f95690a8b8c488c50f186add9254fa5b71f",
        "type": "github"
      },
      "original": {
        "owner": "oar-team",
        "repo": "nur-kapack",
        "type": "github"
      }
    },
    "root": {
      "inputs": {
        "batprotocol": "batprotocol",
        "flake-utils": "flake-utils",
        "intervalset": "intervalset",
        "nixpkgs": "nixpkgs",
        "nur-kapack": "nur-kapack"
      }
    },
    "systems": {
      "locked": {
        "lastModified": 1681028828,
        "narHash": "sha256-Vy1rq5AaRuLzOxct8nz4T6wlgyUR7zLU309k9mBC768=",
        "owner": "nix-systems",
        "repo": "default",
        "rev": "da67096a3b9bf56a91d16901293e51ba5b49a27e",
        "type": "github"
      },
      "original": {
        "owner": "nix-systems",
        "repo": "default",
        "type": "github"
      }
    }
  },
  "root": "root",
  "version": 7
}
